
Microsoft Visual Studio Solution File, Format Version 12.00
# Visual Studio 14
VisualStudioVersion = 14.0.25420.1
MinimumVisualStudioVersion = 10.0.40219.1
Project("{FAE04EC0-301F-11D3-BF4B-00C04F79EFBC}") = "P01_TypeBoundaries", "P01_TypeBoundaries\P01_TypeBoundaries.csproj", "{34026E59-8DB2-40BA-A0F6-79F5804F8BFD}"
EndProject
Project("{FAE04EC0-301F-11D3-BF4B-00C04F79EFBC}") = "P02_NumberChecker", "P02_NumberChecker\P02_NumberChecker.csproj", "{4989A108-B73D-48C5-AFAC-CC38F07B08BB}"
EndProject
Project("{FAE04EC0-301F-11D3-BF4B-00C04F79EFBC}") = "P03_WaterOverflow", "P03_WaterOverflow\P03_WaterOverflow.csproj", "{B484B1E8-A9F6-4D9A-BE38-AD5B5FFA5895}"
EndProject
Project("{FAE04EC0-301F-11D3-BF4B-00C04F79EFBC}") = "P04_TouristInformation", "P04_TouristInformation\P04_TouristInformation.csproj", "{5E0ACD31-49CB-4000-A622-0CE830C2E0BB}"
EndProject
Project("{FAE04EC0-301F-11D3-BF4B-00C04F79EFBC}") = "P05_WeatherForecast", "P05_WeatherForecast\P05_WeatherForecast.csproj", "{5AED492D-D6ED-4721-91D2-012E72444626}"
EndProject
Project("{FAE04EC0-301F-11D3-BF4B-00C04F79EFBC}") = "P06_CatchTheThief", "P06_CatchTheThief\P06_CatchTheThief.csproj", "{EF3F0065-23D4-45AB-BE3B-B8BD4E68AEB2}"
EndProject
Project("{FAE04EC0-301F-11D3-BF4B-00C04F79EFBC}") = "P07_SentenceTheThief", "P07_SentenceTheThief\P07_SentenceTheThief.csproj", "{E8D5C901-DE26-464B-A35F-74C18ABC6106}"
EndProject
Project("{FAE04EC0-301F-11D3-BF4B-00C04F79EFBC}") = "P08_HouseBuilder", "P08_HouseBuilder\P08_HouseBuilder.csproj", "{A3B22E52-677B-4564-A7CE-80AFE8361B42}"
EndProject
Project("{FAE04EC0-301F-11D3-BF4B-00C04F79EFBC}") = "P09_MakeAWord", "P09_MakeAWord\P09_MakeAWord.csproj", "{69987FF5-A34B-4144-8703-5F9D7BBB70C3}"
EndProject
Project("{FAE04EC0-301F-11D3-BF4B-00C04F79EFBC}") = "P10_CharSum", "P10_CharSum\P10_CharSum.csproj", "{2E9E98C8-E714-46B6-A1CE-9E1BFF4B1D4A}"
EndProject
Project("{FAE04EC0-301F-11D3-BF4B-00C04F79EFBC}") = "P11_StringConcatenation", "P11_StringCocatenation\P11_StringConcatenation.csproj", "{FA39BC8F-5077-4497-87CC-CB9FBF315E41}"
EndProject
Project("{FAE04EC0-301F-11D3-BF4B-00C04F79EFBC}") = "P12_BeerKegs", "P12_BeerKegs\P12_BeerKegs.csproj", "{B628470F-EDFF-4460-B45B-8B53F4AC95C1}"
EndProject
Project("{FAE04EC0-301F-11D3-BF4B-00C04F79EFBC}") = "P13_DecryptingMessages", "P13_DecryptingMessages\P13_DecryptingMessages.csproj", "{BA065B98-1AC6-4FCC-A18E-4A08004528B5}"
EndProject
Project("{FAE04EC0-301F-11D3-BF4B-00C04F79EFBC}") = "P14_BoatSimulator", "P14_BoatSimulator\P14_BoatSimulator.csproj", "{7D8BB475-4EF9-4A03-B567-03336005C036}"
EndProject
Project("{FAE04EC0-301F-11D3-BF4B-00C04F79EFBC}") = "P15_BalancedBrackets", "P15_BalancedBrackets\P15_BalancedBrackets.csproj", "{6AF09F08-9C5E-4C48-A98A-348813344952}"
EndProject
Global
	GlobalSection(SolutionConfigurationPlatforms) = preSolution
		Debug|Any CPU = Debug|Any CPU
		Release|Any CPU = Release|Any CPU
	EndGlobalSection
	GlobalSection(ProjectConfigurationPlatforms) = postSolution
		{34026E59-8DB2-40BA-A0F6-79F5804F8BFD}.Debug|Any CPU.ActiveCfg = Debug|Any CPU
		{34026E59-8DB2-40BA-A0F6-79F5804F8BFD}.Debug|Any CPU.Build.0 = Debug|Any CPU
		{34026E59-8DB2-40BA-A0F6-79F5804F8BFD}.Release|Any CPU.ActiveCfg = Release|Any CPU
		{34026E59-8DB2-40BA-A0F6-79F5804F8BFD}.Release|Any CPU.Build.0 = Release|Any CPU
		{4989A108-B73D-48C5-AFAC-CC38F07B08BB}.Debug|Any CPU.ActiveCfg = Debug|Any CPU
		{4989A108-B73D-48C5-AFAC-CC38F07B08BB}.Debug|Any CPU.Build.0 = Debug|Any CPU
		{4989A108-B73D-48C5-AFAC-CC38F07B08BB}.Release|Any CPU.ActiveCfg = Release|Any CPU
		{4989A108-B73D-48C5-AFAC-CC38F07B08BB}.Release|Any CPU.Build.0 = Release|Any CPU
		{B484B1E8-A9F6-4D9A-BE38-AD5B5FFA5895}.Debug|Any CPU.ActiveCfg = Debug|Any CPU
		{B484B1E8-A9F6-4D9A-BE38-AD5B5FFA5895}.Debug|Any CPU.Build.0 = Debug|Any CPU
		{B484B1E8-A9F6-4D9A-BE38-AD5B5FFA5895}.Release|Any CPU.ActiveCfg = Release|Any CPU
		{B484B1E8-A9F6-4D9A-BE38-AD5B5FFA5895}.Release|Any CPU.Build.0 = Release|Any CPU
		{5E0ACD31-49CB-4000-A622-0CE830C2E0BB}.Debug|Any CPU.ActiveCfg = Debug|Any CPU
		{5E0ACD31-49CB-4000-A622-0CE830C2E0BB}.Debug|Any CPU.Build.0 = Debug|Any CPU
		{5E0ACD31-49CB-4000-A622-0CE830C2E0BB}.Release|Any CPU.ActiveCfg = Release|Any CPU
		{5E0ACD31-49CB-4000-A622-0CE830C2E0BB}.Release|Any CPU.Build.0 = Release|Any CPU
		{5AED492D-D6ED-4721-91D2-012E72444626}.Debug|Any CPU.ActiveCfg = Debug|Any CPU
		{5AED492D-D6ED-4721-91D2-012E72444626}.Debug|Any CPU.Build.0 = Debug|Any CPU
		{5AED492D-D6ED-4721-91D2-012E72444626}.Release|Any CPU.ActiveCfg = Release|Any CPU
		{5AED492D-D6ED-4721-91D2-012E72444626}.Release|Any CPU.Build.0 = Release|Any CPU
		{EF3F0065-23D4-45AB-BE3B-B8BD4E68AEB2}.Debug|Any CPU.ActiveCfg = Debug|Any CPU
		{EF3F0065-23D4-45AB-BE3B-B8BD4E68AEB2}.Debug|Any CPU.Build.0 = Debug|Any CPU
		{EF3F0065-23D4-45AB-BE3B-B8BD4E68AEB2}.Release|Any CPU.ActiveCfg = Release|Any CPU
		{EF3F0065-23D4-45AB-BE3B-B8BD4E68AEB2}.Release|Any CPU.Build.0 = Release|Any CPU
		{E8D5C901-DE26-464B-A35F-74C18ABC6106}.Debug|Any CPU.ActiveCfg = Debug|Any CPU
		{E8D5C901-DE26-464B-A35F-74C18ABC6106}.Debug|Any CPU.Build.0 = Debug|Any CPU
		{E8D5C901-DE26-464B-A35F-74C18ABC6106}.Release|Any CPU.ActiveCfg = Release|Any CPU
		{E8D5C901-DE26-464B-A35F-74C18ABC6106}.Release|Any CPU.Build.0 = Release|Any CPU
		{A3B22E52-677B-4564-A7CE-80AFE8361B42}.Debug|Any CPU.ActiveCfg = Debug|Any CPU
		{A3B22E52-677B-4564-A7CE-80AFE8361B42}.Debug|Any CPU.Build.0 = Debug|Any CPU
		{A3B22E52-677B-4564-A7CE-80AFE8361B42}.Release|Any CPU.ActiveCfg = Release|Any CPU
		{A3B22E52-677B-4564-A7CE-80AFE8361B42}.Release|Any CPU.Build.0 = Release|Any CPU
		{69987FF5-A34B-4144-8703-5F9D7BBB70C3}.Debug|Any CPU.ActiveCfg = Debug|Any CPU
		{69987FF5-A34B-4144-8703-5F9D7BBB70C3}.Debug|Any CPU.Build.0 = Debug|Any CPU
		{69987FF5-A34B-4144-8703-5F9D7BBB70C3}.Release|Any CPU.ActiveCfg = Release|Any CPU
		{69987FF5-A34B-4144-8703-5F9D7BBB70C3}.Release|Any CPU.Build.0 = Release|Any CPU
		{2E9E98C8-E714-46B6-A1CE-9E1BFF4B1D4A}.Debug|Any CPU.ActiveCfg = Debug|Any CPU
		{2E9E98C8-E714-46B6-A1CE-9E1BFF4B1D4A}.Debug|Any CPU.Build.0 = Debug|Any CPU
		{2E9E98C8-E714-46B6-A1CE-9E1BFF4B1D4A}.Release|Any CPU.ActiveCfg = Release|Any CPU
		{2E9E98C8-E714-46B6-A1CE-9E1BFF4B1D4A}.Release|Any CPU.Build.0 = Release|Any CPU
		{FA39BC8F-5077-4497-87CC-CB9FBF315E41}.Debug|Any CPU.ActiveCfg = Debug|Any CPU
		{FA39BC8F-5077-4497-87CC-CB9FBF315E41}.Debug|Any CPU.Build.0 = Debug|Any CPU
		{FA39BC8F-5077-4497-87CC-CB9FBF315E41}.Release|Any CPU.ActiveCfg = Release|Any CPU
		{FA39BC8F-5077-4497-87CC-CB9FBF315E41}.Release|Any CPU.Build.0 = Release|Any CPU
		{B628470F-EDFF-4460-B45B-8B53F4AC95C1}.Debug|Any CPU.ActiveCfg = Debug|Any CPU
		{B628470F-EDFF-4460-B45B-8B53F4AC95C1}.Debug|Any CPU.Build.0 = Debug|Any CPU
		{B628470F-EDFF-4460-B45B-8B53F4AC95C1}.Release|Any CPU.ActiveCfg = Release|Any CPU
		{B628470F-EDFF-4460-B45B-8B53F4AC95C1}.Release|Any CPU.Build.0 = Release|Any CPU
		{BA065B98-1AC6-4FCC-A18E-4A08004528B5}.Debug|Any CPU.ActiveCfg = Debug|Any CPU
		{BA065B98-1AC6-4FCC-A18E-4A08004528B5}.Debug|Any CPU.Build.0 = Debug|Any CPU
		{BA065B98-1AC6-4FCC-A18E-4A08004528B5}.Release|Any CPU.ActiveCfg = Release|Any CPU
		{BA065B98-1AC6-4FCC-A18E-4A08004528B5}.Release|Any CPU.Build.0 = Release|Any CPU
		{7D8BB475-4EF9-4A03-B567-03336005C036}.Debug|Any CPU.ActiveCfg = Debug|Any CPU
		{7D8BB475-4EF9-4A03-B567-03336005C036}.Debug|Any CPU.Build.0 = Debug|Any CPU
		{7D8BB475-4EF9-4A03-B567-03336005C036}.Release|Any CPU.ActiveCfg = Release|Any CPU
		{7D8BB475-4EF9-4A03-B567-03336005C036}.Release|Any CPU.Build.0 = Release|Any CPU
		{6AF09F08-9C5E-4C48-A98A-348813344952}.Debug|Any CPU.ActiveCfg = Debug|Any CPU
		{6AF09F08-9C5E-4C48-A98A-348813344952}.Debug|Any CPU.Build.0 = Debug|Any CPU
		{6AF09F08-9C5E-4C48-A98A-348813344952}.Release|Any CPU.ActiveCfg = Release|Any CPU
		{6AF09F08-9C5E-4C48-A98A-348813344952}.Release|Any CPU.Build.0 = Release|Any CPU
	EndGlobalSection
	GlobalSection(SolutionProperties) = preSolution
		HideSolutionNode = FALSE
	EndGlobalSection
EndGlobal
