
Microsoft Visual Studio Solution File, Format Version 12.00
# Visual Studio 15
VisualStudioVersion = 15.0.26730.15
MinimumVisualStudioVersion = 10.0.40219.1
Project("{FAE04EC0-301F-11D3-BF4B-00C04F79EFBC}") = "p01_PracticeIntegerNumbers", "p01_PracticeIntegerNumbers\p01_PracticeIntegerNumbers.csproj", "{D835D9D8-4BF2-4DE1-8A9C-A53C3FE44F01}"
EndProject
Project("{FAE04EC0-301F-11D3-BF4B-00C04F79EFBC}") = "p02_PracticeFloatingPointNumbers", "p02_PracticeFloatingPointNumbers\p02_PracticeFloatingPointNumbers.csproj", "{1109F3CB-F92F-42B7-BBDF-5A44F318B2BE}"
EndProject
Project("{FAE04EC0-301F-11D3-BF4B-00C04F79EFBC}") = "p03_PracticeCharactersAndStrings", "p03_PracticeCharactersAndStrings\p03_PracticeCharactersAndStrings.csproj", "{F6EF47F0-B96C-4292-A917-EF75071E1D11}"
EndProject
Project("{FAE04EC0-301F-11D3-BF4B-00C04F79EFBC}") = "p05_Boolean Variable", "p05_Boolean Variable\p05_Boolean Variable.csproj", "{9D7B90F2-37BF-435D-BEF2-BFBD804AF557}"
EndProject
Project("{FAE04EC0-301F-11D3-BF4B-00C04F79EFBC}") = "p06_Strings and Objects", "p06_Strings and Objects\p06_Strings and Objects.csproj", "{7A5CA10E-891C-4DD9-9B07-A86C9DE2B70E}"
EndProject
Project("{FAE04EC0-301F-11D3-BF4B-00C04F79EFBC}") = "p07_Exchange Variable Values", "p07_Exchange Variable Values\p07_Exchange Variable Values.csproj", "{3DF6BEB6-E5E8-446D-ADA1-D5C475DBF00A}"
EndProject
Project("{FAE04EC0-301F-11D3-BF4B-00C04F79EFBC}") = "p08_Employee Data", "p08_Employee Data\p08_Employee Data.csproj", "{C9769EFC-6CDA-4C3B-8DAD-EEBC566B6595}"
EndProject
Project("{FAE04EC0-301F-11D3-BF4B-00C04F79EFBC}") = "p09_Reverse Characters", "p09_Reverse Characters\p09_Reverse Characters.csproj", "{359FEE5D-155F-4F9A-B65C-2C1291E774BE}"
EndProject
Project("{FAE04EC0-301F-11D3-BF4B-00C04F79EFBC}") = "p10_Centuries to Nanoseconds", "p10_Centuries to Nanoseconds\p10_Centuries to Nanoseconds.csproj", "{546C5B41-CEA8-409C-92F2-C670B1808306}"
EndProject
Project("{FAE04EC0-301F-11D3-BF4B-00C04F79EFBC}") = "p11_Convert Speed Units", "p11_Convert Speed Units\p11_Convert Speed Units.csproj", "{F8D863AF-3637-497F-9EA1-6D835AA1A4C4}"
EndProject
Project("{FAE04EC0-301F-11D3-BF4B-00C04F79EFBC}") = "p12_Rectangle Area", "p12_Rectangle Area\p12_Rectangle Area.csproj", "{94F5310D-6325-4FC9-86E8-5ED6D09DC9C2}"
EndProject
Project("{FAE04EC0-301F-11D3-BF4B-00C04F79EFBC}") = "p13_Vowel or Digit", "p13_Vowel or Digit\p13_Vowel or Digit.csproj", "{B35D7AE6-E39A-47A6-83C4-1494B7FE71B8}"
EndProject
Project("{FAE04EC0-301F-11D3-BF4B-00C04F79EFBC}") = "p14_Integer to Hex and Binary", "p12_Integer to Hex and Binary\p14_Integer to Hex and Binary.csproj", "{8E3BCBAC-AEEB-47FB-B674-BDB12169E9D8}"
EndProject
Project("{FAE04EC0-301F-11D3-BF4B-00C04F79EFBC}") = "p15_Fast Prime Checker - Refactor", "p15_Fast Prime Checker - Refactor\p15_Fast Prime Checker - Refactor.csproj", "{AE6C1158-EE42-4F18-9AD3-4875FFF531A3}"
EndProject
Project("{FAE04EC0-301F-11D3-BF4B-00C04F79EFBC}") = "p16_Comparing Floats", "p16_Comparing Floats\p16_Comparing Floats.csproj", "{11315D51-CDAB-46F1-9C7D-85AA8D74B259}"
EndProject
Project("{FAE04EC0-301F-11D3-BF4B-00C04F79EFBC}") = "p17_Print Part of the ASCII Table", "p17_Print Part of the ASCII Table\p17_Print Part of the ASCII Table.csproj", "{0464BA8D-E17F-47E9-9715-0878F2FA002C}"
EndProject
Project("{FAE04EC0-301F-11D3-BF4B-00C04F79EFBC}") = "P04_Variable in Hex Format", "P04_Variable in Hex Format\P04_Variable in Hex Format.csproj", "{5CFB782E-C366-41B4-B1A8-A4844250E43A}"
EndProject
Project("{FAE04EC0-301F-11D3-BF4B-00C04F79EFBC}") = "P18_Different Integers Size", "P17_Different Integers Size\P18_Different Integers Size.csproj", "{603A0DA2-F9B2-47B2-B9F5-B3D91DF7C824}"
EndProject
Project("{FAE04EC0-301F-11D3-BF4B-00C04F79EFBC}") = "P19_Thea The Photographer", "P19_Thea The Photographer\P19_Thea The Photographer.csproj", "{D2A77D38-94E8-4900-A474-C1E8ED0AC6F6}"
EndProject
Global
	GlobalSection(SolutionConfigurationPlatforms) = preSolution
		Debug|Any CPU = Debug|Any CPU
		Release|Any CPU = Release|Any CPU
	EndGlobalSection
	GlobalSection(ProjectConfigurationPlatforms) = postSolution
		{D835D9D8-4BF2-4DE1-8A9C-A53C3FE44F01}.Debug|Any CPU.ActiveCfg = Debug|Any CPU
		{D835D9D8-4BF2-4DE1-8A9C-A53C3FE44F01}.Debug|Any CPU.Build.0 = Debug|Any CPU
		{D835D9D8-4BF2-4DE1-8A9C-A53C3FE44F01}.Release|Any CPU.ActiveCfg = Release|Any CPU
		{D835D9D8-4BF2-4DE1-8A9C-A53C3FE44F01}.Release|Any CPU.Build.0 = Release|Any CPU
		{1109F3CB-F92F-42B7-BBDF-5A44F318B2BE}.Debug|Any CPU.ActiveCfg = Debug|Any CPU
		{1109F3CB-F92F-42B7-BBDF-5A44F318B2BE}.Debug|Any CPU.Build.0 = Debug|Any CPU
		{1109F3CB-F92F-42B7-BBDF-5A44F318B2BE}.Release|Any CPU.ActiveCfg = Release|Any CPU
		{1109F3CB-F92F-42B7-BBDF-5A44F318B2BE}.Release|Any CPU.Build.0 = Release|Any CPU
		{F6EF47F0-B96C-4292-A917-EF75071E1D11}.Debug|Any CPU.ActiveCfg = Debug|Any CPU
		{F6EF47F0-B96C-4292-A917-EF75071E1D11}.Debug|Any CPU.Build.0 = Debug|Any CPU
		{F6EF47F0-B96C-4292-A917-EF75071E1D11}.Release|Any CPU.ActiveCfg = Release|Any CPU
		{F6EF47F0-B96C-4292-A917-EF75071E1D11}.Release|Any CPU.Build.0 = Release|Any CPU
		{9D7B90F2-37BF-435D-BEF2-BFBD804AF557}.Debug|Any CPU.ActiveCfg = Debug|Any CPU
		{9D7B90F2-37BF-435D-BEF2-BFBD804AF557}.Debug|Any CPU.Build.0 = Debug|Any CPU
		{9D7B90F2-37BF-435D-BEF2-BFBD804AF557}.Release|Any CPU.ActiveCfg = Release|Any CPU
		{9D7B90F2-37BF-435D-BEF2-BFBD804AF557}.Release|Any CPU.Build.0 = Release|Any CPU
		{7A5CA10E-891C-4DD9-9B07-A86C9DE2B70E}.Debug|Any CPU.ActiveCfg = Debug|Any CPU
		{7A5CA10E-891C-4DD9-9B07-A86C9DE2B70E}.Debug|Any CPU.Build.0 = Debug|Any CPU
		{7A5CA10E-891C-4DD9-9B07-A86C9DE2B70E}.Release|Any CPU.ActiveCfg = Release|Any CPU
		{7A5CA10E-891C-4DD9-9B07-A86C9DE2B70E}.Release|Any CPU.Build.0 = Release|Any CPU
		{3DF6BEB6-E5E8-446D-ADA1-D5C475DBF00A}.Debug|Any CPU.ActiveCfg = Debug|Any CPU
		{3DF6BEB6-E5E8-446D-ADA1-D5C475DBF00A}.Debug|Any CPU.Build.0 = Debug|Any CPU
		{3DF6BEB6-E5E8-446D-ADA1-D5C475DBF00A}.Release|Any CPU.ActiveCfg = Release|Any CPU
		{3DF6BEB6-E5E8-446D-ADA1-D5C475DBF00A}.Release|Any CPU.Build.0 = Release|Any CPU
		{C9769EFC-6CDA-4C3B-8DAD-EEBC566B6595}.Debug|Any CPU.ActiveCfg = Debug|Any CPU
		{C9769EFC-6CDA-4C3B-8DAD-EEBC566B6595}.Debug|Any CPU.Build.0 = Debug|Any CPU
		{C9769EFC-6CDA-4C3B-8DAD-EEBC566B6595}.Release|Any CPU.ActiveCfg = Release|Any CPU
		{C9769EFC-6CDA-4C3B-8DAD-EEBC566B6595}.Release|Any CPU.Build.0 = Release|Any CPU
		{359FEE5D-155F-4F9A-B65C-2C1291E774BE}.Debug|Any CPU.ActiveCfg = Debug|Any CPU
		{359FEE5D-155F-4F9A-B65C-2C1291E774BE}.Debug|Any CPU.Build.0 = Debug|Any CPU
		{359FEE5D-155F-4F9A-B65C-2C1291E774BE}.Release|Any CPU.ActiveCfg = Release|Any CPU
		{359FEE5D-155F-4F9A-B65C-2C1291E774BE}.Release|Any CPU.Build.0 = Release|Any CPU
		{546C5B41-CEA8-409C-92F2-C670B1808306}.Debug|Any CPU.ActiveCfg = Debug|Any CPU
		{546C5B41-CEA8-409C-92F2-C670B1808306}.Debug|Any CPU.Build.0 = Debug|Any CPU
		{546C5B41-CEA8-409C-92F2-C670B1808306}.Release|Any CPU.ActiveCfg = Release|Any CPU
		{546C5B41-CEA8-409C-92F2-C670B1808306}.Release|Any CPU.Build.0 = Release|Any CPU
		{F8D863AF-3637-497F-9EA1-6D835AA1A4C4}.Debug|Any CPU.ActiveCfg = Debug|Any CPU
		{F8D863AF-3637-497F-9EA1-6D835AA1A4C4}.Debug|Any CPU.Build.0 = Debug|Any CPU
		{F8D863AF-3637-497F-9EA1-6D835AA1A4C4}.Release|Any CPU.ActiveCfg = Release|Any CPU
		{F8D863AF-3637-497F-9EA1-6D835AA1A4C4}.Release|Any CPU.Build.0 = Release|Any CPU
		{94F5310D-6325-4FC9-86E8-5ED6D09DC9C2}.Debug|Any CPU.ActiveCfg = Debug|Any CPU
		{94F5310D-6325-4FC9-86E8-5ED6D09DC9C2}.Debug|Any CPU.Build.0 = Debug|Any CPU
		{94F5310D-6325-4FC9-86E8-5ED6D09DC9C2}.Release|Any CPU.ActiveCfg = Release|Any CPU
		{94F5310D-6325-4FC9-86E8-5ED6D09DC9C2}.Release|Any CPU.Build.0 = Release|Any CPU
		{B35D7AE6-E39A-47A6-83C4-1494B7FE71B8}.Debug|Any CPU.ActiveCfg = Debug|Any CPU
		{B35D7AE6-E39A-47A6-83C4-1494B7FE71B8}.Debug|Any CPU.Build.0 = Debug|Any CPU
		{B35D7AE6-E39A-47A6-83C4-1494B7FE71B8}.Release|Any CPU.ActiveCfg = Release|Any CPU
		{B35D7AE6-E39A-47A6-83C4-1494B7FE71B8}.Release|Any CPU.Build.0 = Release|Any CPU
		{8E3BCBAC-AEEB-47FB-B674-BDB12169E9D8}.Debug|Any CPU.ActiveCfg = Debug|Any CPU
		{8E3BCBAC-AEEB-47FB-B674-BDB12169E9D8}.Debug|Any CPU.Build.0 = Debug|Any CPU
		{8E3BCBAC-AEEB-47FB-B674-BDB12169E9D8}.Release|Any CPU.ActiveCfg = Release|Any CPU
		{8E3BCBAC-AEEB-47FB-B674-BDB12169E9D8}.Release|Any CPU.Build.0 = Release|Any CPU
		{AE6C1158-EE42-4F18-9AD3-4875FFF531A3}.Debug|Any CPU.ActiveCfg = Debug|Any CPU
		{AE6C1158-EE42-4F18-9AD3-4875FFF531A3}.Debug|Any CPU.Build.0 = Debug|Any CPU
		{AE6C1158-EE42-4F18-9AD3-4875FFF531A3}.Release|Any CPU.ActiveCfg = Release|Any CPU
		{AE6C1158-EE42-4F18-9AD3-4875FFF531A3}.Release|Any CPU.Build.0 = Release|Any CPU
		{11315D51-CDAB-46F1-9C7D-85AA8D74B259}.Debug|Any CPU.ActiveCfg = Debug|Any CPU
		{11315D51-CDAB-46F1-9C7D-85AA8D74B259}.Debug|Any CPU.Build.0 = Debug|Any CPU
		{11315D51-CDAB-46F1-9C7D-85AA8D74B259}.Release|Any CPU.ActiveCfg = Release|Any CPU
		{11315D51-CDAB-46F1-9C7D-85AA8D74B259}.Release|Any CPU.Build.0 = Release|Any CPU
		{0464BA8D-E17F-47E9-9715-0878F2FA002C}.Debug|Any CPU.ActiveCfg = Debug|Any CPU
		{0464BA8D-E17F-47E9-9715-0878F2FA002C}.Debug|Any CPU.Build.0 = Debug|Any CPU
		{0464BA8D-E17F-47E9-9715-0878F2FA002C}.Release|Any CPU.ActiveCfg = Release|Any CPU
		{0464BA8D-E17F-47E9-9715-0878F2FA002C}.Release|Any CPU.Build.0 = Release|Any CPU
		{5CFB782E-C366-41B4-B1A8-A4844250E43A}.Debug|Any CPU.ActiveCfg = Debug|Any CPU
		{5CFB782E-C366-41B4-B1A8-A4844250E43A}.Debug|Any CPU.Build.0 = Debug|Any CPU
		{5CFB782E-C366-41B4-B1A8-A4844250E43A}.Release|Any CPU.ActiveCfg = Release|Any CPU
		{5CFB782E-C366-41B4-B1A8-A4844250E43A}.Release|Any CPU.Build.0 = Release|Any CPU
		{603A0DA2-F9B2-47B2-B9F5-B3D91DF7C824}.Debug|Any CPU.ActiveCfg = Debug|Any CPU
		{603A0DA2-F9B2-47B2-B9F5-B3D91DF7C824}.Debug|Any CPU.Build.0 = Debug|Any CPU
		{603A0DA2-F9B2-47B2-B9F5-B3D91DF7C824}.Release|Any CPU.ActiveCfg = Release|Any CPU
		{603A0DA2-F9B2-47B2-B9F5-B3D91DF7C824}.Release|Any CPU.Build.0 = Release|Any CPU
		{D2A77D38-94E8-4900-A474-C1E8ED0AC6F6}.Debug|Any CPU.ActiveCfg = Debug|Any CPU
		{D2A77D38-94E8-4900-A474-C1E8ED0AC6F6}.Debug|Any CPU.Build.0 = Debug|Any CPU
		{D2A77D38-94E8-4900-A474-C1E8ED0AC6F6}.Release|Any CPU.ActiveCfg = Release|Any CPU
		{D2A77D38-94E8-4900-A474-C1E8ED0AC6F6}.Release|Any CPU.Build.0 = Release|Any CPU
	EndGlobalSection
	GlobalSection(SolutionProperties) = preSolution
		HideSolutionNode = FALSE
	EndGlobalSection
	GlobalSection(ExtensibilityGlobals) = postSolution
		SolutionGuid = {8F014D18-3D31-4F66-94E7-DB7EB6B6A434}
	EndGlobalSection
EndGlobal
