
Microsoft Visual Studio Solution File, Format Version 12.00
# Visual Studio 14
VisualStudioVersion = 14.0.25420.1
MinimumVisualStudioVersion = 10.0.40219.1
Project("{FAE04EC0-301F-11D3-BF4B-00C04F79EFBC}") = "P01_Choose a Drink", "P1_Choose a Drink\P01_Choose a Drink.csproj", "{C184F4C5-0DF2-465C-9D7B-D59CEF4911C7}"
EndProject
Project("{FAE04EC0-301F-11D3-BF4B-00C04F79EFBC}") = "P02_Choose a Drink 2.0", "P02_Choose a Drink 2.0\P02_Choose a Drink 2.0.csproj", "{B04470AE-6C84-4158-9215-659B81B68ECC}"
EndProject
Project("{FAE04EC0-301F-11D3-BF4B-00C04F79EFBC}") = "P03_Restaurant Discount", "P03_Restaurant Discount\P03_Restaurant Discount.csproj", "{891ED66F-C9C3-450A-BDED-7EF9FB3F1E06}"
EndProject
Project("{FAE04EC0-301F-11D3-BF4B-00C04F79EFBC}") = "P04_Hotel", "P4_Hotel\P04_Hotel.csproj", "{1CFCB9AF-5B2C-4943-B2FA-5B6BC7592ADA}"
EndProject
Project("{FAE04EC0-301F-11D3-BF4B-00C04F79EFBC}") = "P05_Word in Plural", "P05_Word in Plural\P05_Word in Plural.csproj", "{598C5A92-748B-40E3-A57E-FF5E40A549AA}"
EndProject
Project("{FAE04EC0-301F-11D3-BF4B-00C04F79EFBC}") = "P06_Interval of Numbers", "P06_Interval of Numbers\P06_Interval of Numbers.csproj", "{F451ADBB-31EA-4DD0-A90B-E8EF11329FBC}"
EndProject
Project("{FAE04EC0-301F-11D3-BF4B-00C04F79EFBC}") = "P07_Cake Ingredients", "P07_Cake Ingredients\P07_Cake Ingredients.csproj", "{1E717388-51E2-40AF-A041-E4BF805FEE17}"
EndProject
Project("{FAE04EC0-301F-11D3-BF4B-00C04F79EFBC}") = "P08_Calories Counter", "P07_Calories Counter\P08_Calories Counter.csproj", "{A3DFD846-EB46-4DE0-9770-0BADDF99C376}"
EndProject
Project("{FAE04EC0-301F-11D3-BF4B-00C04F79EFBC}") = "P10_Triangle of Numbers", "P10_Triangle of Numbers\P10_Triangle of Numbers.csproj", "{64E91129-168C-4A1A-A409-C174045C23BA}"
EndProject
Project("{FAE04EC0-301F-11D3-BF4B-00C04F79EFBC}") = "P09_Count the Integers", "P09_Count the Integers\P09_Count the Integers.csproj", "{B8BC0D5B-E9E4-407F-AC2C-3845609ED283}"
EndProject
Project("{FAE04EC0-301F-11D3-BF4B-00C04F79EFBC}") = "P11_5 Different numbers", "P11_5 Different numbers\P11_5 Different numbers.csproj", "{08B56772-9D0B-4BC1-A6E0-A509A3A96239}"
EndProject
Project("{FAE04EC0-301F-11D3-BF4B-00C04F79EFBC}") = "P12_Test Numbers", "P12_Test Numbers\P12_Test Numbers.csproj", "{9CE55D25-4CC3-42E7-967B-4A36D742EA49}"
EndProject
Project("{FAE04EC0-301F-11D3-BF4B-00C04F79EFBC}") = "P13_Game of Numbers", "P13_Game of Numbers\P13_Game of Numbers.csproj", "{F2444DDD-8DAB-4DA8-996B-B7E85D248051}"
EndProject
Project("{FAE04EC0-301F-11D3-BF4B-00C04F79EFBC}") = "P14_Magic Letter", "P14_Magic Letter\P14_Magic Letter.csproj", "{C5B8253D-60FA-483B-8307-163DD87F1066}"
EndProject
Project("{FAE04EC0-301F-11D3-BF4B-00C04F79EFBC}") = "P15_NeighbourWars", "ConsoleApplication1\P15_NeighbourWars.csproj", "{070ABFA9-962A-425C-B289-BC1ACA8084CA}"
EndProject
Global
	GlobalSection(SolutionConfigurationPlatforms) = preSolution
		Debug|Any CPU = Debug|Any CPU
		Release|Any CPU = Release|Any CPU
	EndGlobalSection
	GlobalSection(ProjectConfigurationPlatforms) = postSolution
		{C184F4C5-0DF2-465C-9D7B-D59CEF4911C7}.Debug|Any CPU.ActiveCfg = Debug|Any CPU
		{C184F4C5-0DF2-465C-9D7B-D59CEF4911C7}.Debug|Any CPU.Build.0 = Debug|Any CPU
		{C184F4C5-0DF2-465C-9D7B-D59CEF4911C7}.Release|Any CPU.ActiveCfg = Release|Any CPU
		{C184F4C5-0DF2-465C-9D7B-D59CEF4911C7}.Release|Any CPU.Build.0 = Release|Any CPU
		{B04470AE-6C84-4158-9215-659B81B68ECC}.Debug|Any CPU.ActiveCfg = Debug|Any CPU
		{B04470AE-6C84-4158-9215-659B81B68ECC}.Debug|Any CPU.Build.0 = Debug|Any CPU
		{B04470AE-6C84-4158-9215-659B81B68ECC}.Release|Any CPU.ActiveCfg = Release|Any CPU
		{B04470AE-6C84-4158-9215-659B81B68ECC}.Release|Any CPU.Build.0 = Release|Any CPU
		{891ED66F-C9C3-450A-BDED-7EF9FB3F1E06}.Debug|Any CPU.ActiveCfg = Debug|Any CPU
		{891ED66F-C9C3-450A-BDED-7EF9FB3F1E06}.Debug|Any CPU.Build.0 = Debug|Any CPU
		{891ED66F-C9C3-450A-BDED-7EF9FB3F1E06}.Release|Any CPU.ActiveCfg = Release|Any CPU
		{891ED66F-C9C3-450A-BDED-7EF9FB3F1E06}.Release|Any CPU.Build.0 = Release|Any CPU
		{1CFCB9AF-5B2C-4943-B2FA-5B6BC7592ADA}.Debug|Any CPU.ActiveCfg = Debug|Any CPU
		{1CFCB9AF-5B2C-4943-B2FA-5B6BC7592ADA}.Debug|Any CPU.Build.0 = Debug|Any CPU
		{1CFCB9AF-5B2C-4943-B2FA-5B6BC7592ADA}.Release|Any CPU.ActiveCfg = Release|Any CPU
		{1CFCB9AF-5B2C-4943-B2FA-5B6BC7592ADA}.Release|Any CPU.Build.0 = Release|Any CPU
		{598C5A92-748B-40E3-A57E-FF5E40A549AA}.Debug|Any CPU.ActiveCfg = Debug|Any CPU
		{598C5A92-748B-40E3-A57E-FF5E40A549AA}.Debug|Any CPU.Build.0 = Debug|Any CPU
		{598C5A92-748B-40E3-A57E-FF5E40A549AA}.Release|Any CPU.ActiveCfg = Release|Any CPU
		{598C5A92-748B-40E3-A57E-FF5E40A549AA}.Release|Any CPU.Build.0 = Release|Any CPU
		{F451ADBB-31EA-4DD0-A90B-E8EF11329FBC}.Debug|Any CPU.ActiveCfg = Debug|Any CPU
		{F451ADBB-31EA-4DD0-A90B-E8EF11329FBC}.Debug|Any CPU.Build.0 = Debug|Any CPU
		{F451ADBB-31EA-4DD0-A90B-E8EF11329FBC}.Release|Any CPU.ActiveCfg = Release|Any CPU
		{F451ADBB-31EA-4DD0-A90B-E8EF11329FBC}.Release|Any CPU.Build.0 = Release|Any CPU
		{1E717388-51E2-40AF-A041-E4BF805FEE17}.Debug|Any CPU.ActiveCfg = Debug|Any CPU
		{1E717388-51E2-40AF-A041-E4BF805FEE17}.Debug|Any CPU.Build.0 = Debug|Any CPU
		{1E717388-51E2-40AF-A041-E4BF805FEE17}.Release|Any CPU.ActiveCfg = Release|Any CPU
		{1E717388-51E2-40AF-A041-E4BF805FEE17}.Release|Any CPU.Build.0 = Release|Any CPU
		{A3DFD846-EB46-4DE0-9770-0BADDF99C376}.Debug|Any CPU.ActiveCfg = Debug|Any CPU
		{A3DFD846-EB46-4DE0-9770-0BADDF99C376}.Debug|Any CPU.Build.0 = Debug|Any CPU
		{A3DFD846-EB46-4DE0-9770-0BADDF99C376}.Release|Any CPU.ActiveCfg = Release|Any CPU
		{A3DFD846-EB46-4DE0-9770-0BADDF99C376}.Release|Any CPU.Build.0 = Release|Any CPU
		{64E91129-168C-4A1A-A409-C174045C23BA}.Debug|Any CPU.ActiveCfg = Debug|Any CPU
		{64E91129-168C-4A1A-A409-C174045C23BA}.Debug|Any CPU.Build.0 = Debug|Any CPU
		{64E91129-168C-4A1A-A409-C174045C23BA}.Release|Any CPU.ActiveCfg = Release|Any CPU
		{64E91129-168C-4A1A-A409-C174045C23BA}.Release|Any CPU.Build.0 = Release|Any CPU
		{B8BC0D5B-E9E4-407F-AC2C-3845609ED283}.Debug|Any CPU.ActiveCfg = Debug|Any CPU
		{B8BC0D5B-E9E4-407F-AC2C-3845609ED283}.Debug|Any CPU.Build.0 = Debug|Any CPU
		{B8BC0D5B-E9E4-407F-AC2C-3845609ED283}.Release|Any CPU.ActiveCfg = Release|Any CPU
		{B8BC0D5B-E9E4-407F-AC2C-3845609ED283}.Release|Any CPU.Build.0 = Release|Any CPU
		{08B56772-9D0B-4BC1-A6E0-A509A3A96239}.Debug|Any CPU.ActiveCfg = Debug|Any CPU
		{08B56772-9D0B-4BC1-A6E0-A509A3A96239}.Debug|Any CPU.Build.0 = Debug|Any CPU
		{08B56772-9D0B-4BC1-A6E0-A509A3A96239}.Release|Any CPU.ActiveCfg = Release|Any CPU
		{08B56772-9D0B-4BC1-A6E0-A509A3A96239}.Release|Any CPU.Build.0 = Release|Any CPU
		{9CE55D25-4CC3-42E7-967B-4A36D742EA49}.Debug|Any CPU.ActiveCfg = Debug|Any CPU
		{9CE55D25-4CC3-42E7-967B-4A36D742EA49}.Debug|Any CPU.Build.0 = Debug|Any CPU
		{9CE55D25-4CC3-42E7-967B-4A36D742EA49}.Release|Any CPU.ActiveCfg = Release|Any CPU
		{9CE55D25-4CC3-42E7-967B-4A36D742EA49}.Release|Any CPU.Build.0 = Release|Any CPU
		{F2444DDD-8DAB-4DA8-996B-B7E85D248051}.Debug|Any CPU.ActiveCfg = Debug|Any CPU
		{F2444DDD-8DAB-4DA8-996B-B7E85D248051}.Debug|Any CPU.Build.0 = Debug|Any CPU
		{F2444DDD-8DAB-4DA8-996B-B7E85D248051}.Release|Any CPU.ActiveCfg = Release|Any CPU
		{F2444DDD-8DAB-4DA8-996B-B7E85D248051}.Release|Any CPU.Build.0 = Release|Any CPU
		{C5B8253D-60FA-483B-8307-163DD87F1066}.Debug|Any CPU.ActiveCfg = Debug|Any CPU
		{C5B8253D-60FA-483B-8307-163DD87F1066}.Debug|Any CPU.Build.0 = Debug|Any CPU
		{C5B8253D-60FA-483B-8307-163DD87F1066}.Release|Any CPU.ActiveCfg = Release|Any CPU
		{C5B8253D-60FA-483B-8307-163DD87F1066}.Release|Any CPU.Build.0 = Release|Any CPU
		{070ABFA9-962A-425C-B289-BC1ACA8084CA}.Debug|Any CPU.ActiveCfg = Debug|Any CPU
		{070ABFA9-962A-425C-B289-BC1ACA8084CA}.Debug|Any CPU.Build.0 = Debug|Any CPU
		{070ABFA9-962A-425C-B289-BC1ACA8084CA}.Release|Any CPU.ActiveCfg = Release|Any CPU
		{070ABFA9-962A-425C-B289-BC1ACA8084CA}.Release|Any CPU.Build.0 = Release|Any CPU
	EndGlobalSection
	GlobalSection(SolutionProperties) = preSolution
		HideSolutionNode = FALSE
	EndGlobalSection
EndGlobal
