
Microsoft Visual Studio Solution File, Format Version 12.00
# Visual Studio 14
VisualStudioVersion = 14.0.25420.1
MinimumVisualStudioVersion = 10.0.40219.1
Project("{FAE04EC0-301F-11D3-BF4B-00C04F79EFBC}") = "Circle Area", "Circle Area\Circle Area.csproj", "{2C0A373E-6DDC-4C9B-97D2-131485F47A05}"
EndProject
Project("{FAE04EC0-301F-11D3-BF4B-00C04F79EFBC}") = "Exact Sum of Real Numbers", "Exact Sum of Real Numbers\Exact Sum of Real Numbers.csproj", "{32F4A5ED-234B-4929-8B97-E1996BA9AD18}"
EndProject
Project("{FAE04EC0-301F-11D3-BF4B-00C04F79EFBC}") = "Elevator", "Elevator\Elevator.csproj", "{CFDB2D8C-8A03-4337-BDE6-C1B906232964}"
EndProject
Project("{FAE04EC0-301F-11D3-BF4B-00C04F79EFBC}") = "Special Numbers", "Special Numbers\Special Numbers.csproj", "{748AE620-448A-49D6-A8F1-680D274BECAE}"
EndProject
Project("{FAE04EC0-301F-11D3-BF4B-00C04F79EFBC}") = "Special Numbers1", "Special Numbers1\Special Numbers1.csproj", "{38F0498A-4C70-4A2B-84E3-9EA55D4E6C7E}"
EndProject
Project("{FAE04EC0-301F-11D3-BF4B-00C04F79EFBC}") = "TripleLetters", "TripleLetters\TripleLetters.csproj", "{1025C31D-BD72-4F11-A4D0-00FD90D9367F}"
EndProject
Project("{FAE04EC0-301F-11D3-BF4B-00C04F79EFBC}") = "Greeting", "Greeting\Greeting.csproj", "{1B6AF869-0099-4F04-912F-170B3AB8B7D1}"
EndProject
Project("{FAE04EC0-301F-11D3-BF4B-00C04F79EFBC}") = "P04_Elevator", "P04_Elevator\P04_Elevator.csproj", "{AEE5EF68-FCE6-4162-8B6F-6B34982F36F9}"
EndProject
Global
	GlobalSection(SolutionConfigurationPlatforms) = preSolution
		Debug|Any CPU = Debug|Any CPU
		Release|Any CPU = Release|Any CPU
	EndGlobalSection
	GlobalSection(ProjectConfigurationPlatforms) = postSolution
		{2C0A373E-6DDC-4C9B-97D2-131485F47A05}.Debug|Any CPU.ActiveCfg = Debug|Any CPU
		{2C0A373E-6DDC-4C9B-97D2-131485F47A05}.Debug|Any CPU.Build.0 = Debug|Any CPU
		{2C0A373E-6DDC-4C9B-97D2-131485F47A05}.Release|Any CPU.ActiveCfg = Release|Any CPU
		{2C0A373E-6DDC-4C9B-97D2-131485F47A05}.Release|Any CPU.Build.0 = Release|Any CPU
		{32F4A5ED-234B-4929-8B97-E1996BA9AD18}.Debug|Any CPU.ActiveCfg = Debug|Any CPU
		{32F4A5ED-234B-4929-8B97-E1996BA9AD18}.Debug|Any CPU.Build.0 = Debug|Any CPU
		{32F4A5ED-234B-4929-8B97-E1996BA9AD18}.Release|Any CPU.ActiveCfg = Release|Any CPU
		{32F4A5ED-234B-4929-8B97-E1996BA9AD18}.Release|Any CPU.Build.0 = Release|Any CPU
		{CFDB2D8C-8A03-4337-BDE6-C1B906232964}.Debug|Any CPU.ActiveCfg = Debug|Any CPU
		{CFDB2D8C-8A03-4337-BDE6-C1B906232964}.Debug|Any CPU.Build.0 = Debug|Any CPU
		{CFDB2D8C-8A03-4337-BDE6-C1B906232964}.Release|Any CPU.ActiveCfg = Release|Any CPU
		{CFDB2D8C-8A03-4337-BDE6-C1B906232964}.Release|Any CPU.Build.0 = Release|Any CPU
		{748AE620-448A-49D6-A8F1-680D274BECAE}.Debug|Any CPU.ActiveCfg = Debug|Any CPU
		{748AE620-448A-49D6-A8F1-680D274BECAE}.Debug|Any CPU.Build.0 = Debug|Any CPU
		{748AE620-448A-49D6-A8F1-680D274BECAE}.Release|Any CPU.ActiveCfg = Release|Any CPU
		{748AE620-448A-49D6-A8F1-680D274BECAE}.Release|Any CPU.Build.0 = Release|Any CPU
		{38F0498A-4C70-4A2B-84E3-9EA55D4E6C7E}.Debug|Any CPU.ActiveCfg = Debug|Any CPU
		{38F0498A-4C70-4A2B-84E3-9EA55D4E6C7E}.Debug|Any CPU.Build.0 = Debug|Any CPU
		{38F0498A-4C70-4A2B-84E3-9EA55D4E6C7E}.Release|Any CPU.ActiveCfg = Release|Any CPU
		{38F0498A-4C70-4A2B-84E3-9EA55D4E6C7E}.Release|Any CPU.Build.0 = Release|Any CPU
		{1025C31D-BD72-4F11-A4D0-00FD90D9367F}.Debug|Any CPU.ActiveCfg = Debug|Any CPU
		{1025C31D-BD72-4F11-A4D0-00FD90D9367F}.Debug|Any CPU.Build.0 = Debug|Any CPU
		{1025C31D-BD72-4F11-A4D0-00FD90D9367F}.Release|Any CPU.ActiveCfg = Release|Any CPU
		{1025C31D-BD72-4F11-A4D0-00FD90D9367F}.Release|Any CPU.Build.0 = Release|Any CPU
		{1B6AF869-0099-4F04-912F-170B3AB8B7D1}.Debug|Any CPU.ActiveCfg = Debug|Any CPU
		{1B6AF869-0099-4F04-912F-170B3AB8B7D1}.Debug|Any CPU.Build.0 = Debug|Any CPU
		{1B6AF869-0099-4F04-912F-170B3AB8B7D1}.Release|Any CPU.ActiveCfg = Release|Any CPU
		{1B6AF869-0099-4F04-912F-170B3AB8B7D1}.Release|Any CPU.Build.0 = Release|Any CPU
		{AEE5EF68-FCE6-4162-8B6F-6B34982F36F9}.Debug|Any CPU.ActiveCfg = Debug|Any CPU
		{AEE5EF68-FCE6-4162-8B6F-6B34982F36F9}.Debug|Any CPU.Build.0 = Debug|Any CPU
		{AEE5EF68-FCE6-4162-8B6F-6B34982F36F9}.Release|Any CPU.ActiveCfg = Release|Any CPU
		{AEE5EF68-FCE6-4162-8B6F-6B34982F36F9}.Release|Any CPU.Build.0 = Release|Any CPU
	EndGlobalSection
	GlobalSection(SolutionProperties) = preSolution
		HideSolutionNode = FALSE
	EndGlobalSection
EndGlobal
